PODS:
  - Alamofire (5.9.1)
  - Flutter (1.0.0)
  - flutter_osm_plugin (0.0.1):
    - Alamofire
    - Flutter
    - OSMFlutterFramework
    - Polyline
    - Yams
  - image_picker_ios (0.0.1):
    - Flutter
  - OSMFlutterFramework (0.8.0)
  - permission_handler_apple (9.3.0):
    - Flutter
  - Polyline (5.1.0)
  - url_launcher_ios (0.0.1):
    - Flutter
  - webview_flutter_wkwebview (0.0.1):
    - Flutter
  - Yams (5.0.6)

DEPENDENCIES:
  - Flutter (from `Flutter`)
  - flutter_osm_plugin (from `.symlinks/plugins/flutter_osm_plugin/ios`)
  - image_picker_ios (from `.symlinks/plugins/image_picker_ios/ios`)
  - permission_handler_apple (from `.symlinks/plugins/permission_handler_apple/ios`)
  - url_launcher_ios (from `.symlinks/plugins/url_launcher_ios/ios`)
  - webview_flutter_wkwebview (from `.symlinks/plugins/webview_flutter_wkwebview/ios`)

SPEC REPOS:
  trunk:
    - Alamofire
    - OSMFlutterFramework
    - Polyline
    - Yams

EXTERNAL SOURCES:
  Flutter:
    :path: Flutter
  flutter_osm_plugin:
    :path: ".symlinks/plugins/flutter_osm_plugin/ios"
  image_picker_ios:
    :path: ".symlinks/plugins/image_picker_ios/ios"
  permission_handler_apple:
    :path: ".symlinks/plugins/permission_handler_apple/ios"
  url_launcher_ios:
    :path: ".symlinks/plugins/url_launcher_ios/ios"
  webview_flutter_wkwebview:
    :path: ".symlinks/plugins/webview_flutter_wkwebview/ios"

SPEC CHECKSUMS:
  Alamofire: f36a35757af4587d8e4f4bfa223ad10be2422b8c
  Flutter: e0871f40cf51350855a761d2e70bf5af5b9b5de7
  flutter_osm_plugin: 60be722901333b6107275c9c51ffb79167b6d99d
  image_picker_ios: 4f2f91b01abdb52842a8e277617df877e40f905b
  OSMFlutterFramework: f78ae09d0ba4a9d9c7df034908b99d142167ba2c
  permission_handler_apple: d02deaca3c340e8ec4b1af14eee806c4a60a45d3
  Polyline: 2a1f29f87f8d9b7de868940f4f76deb8c678a5b1
  url_launcher_ios: bb13df5870e8c4234ca12609d04010a21be43dfa
  webview_flutter_wkwebview: 41c1be0b855ce4fcd60f971180517b12a5b8ce0c
  Yams: e10dae147f517ed57ecae37c5e8681bdf8fcab65

PODFILE CHECKSUM: 7d011426477fc50e350d830fa49b707195b94e9f

COCOAPODS: 1.15.2
